
Microsoft Visual Studio Solution File, Format Version 12.00
# Visual Studio Version 17
VisualStudioVersion = 17.4.33213.308
MinimumVisualStudioVersion = 10.0.40219.1
Project("{FAE04EC0-301F-11D3-BF4B-00C04F79EFBC}") = "лаба 2", "лаба 7\лаба 2.csproj", "{450201CC-B1B2-45EE-9DF8-FE1FB7147A4C}"
EndProject
Global
	GlobalSection(SolutionConfigurationPlatforms) = preSolution
		Debug|Any CPU = Debug|Any CPU
		Release|Any CPU = Release|Any CPU
	EndGlobalSection
	GlobalSection(ProjectConfigurationPlatforms) = postSolution
		{450201CC-B1B2-45EE-9DF8-FE1FB7147A4C}.Debug|Any CPU.ActiveCfg = Debug|Any CPU
		{450201CC-B1B2-45EE-9DF8-FE1FB7147A4C}.Debug|Any CPU.Build.0 = Debug|Any CPU
		{450201CC-B1B2-45EE-9DF8-FE1FB7147A4C}.Release|Any CPU.ActiveCfg = Release|Any CPU
		{450201CC-B1B2-45EE-9DF8-FE1FB7147A4C}.Release|Any CPU.Build.0 = Release|Any CPU
	EndGlobalSection
	GlobalSection(SolutionProperties) = preSolution
		HideSolutionNode = FALSE
	EndGlobalSection
	GlobalSection(ExtensibilityGlobals) = postSolution
		SolutionGuid = {8C1136C4-6D3E-4AD4-8A4F-6E2F37A50153}
	EndGlobalSection
EndGlobal
